
Microsoft Visual Studio Solution File, Format Version 9.00
# Visual Studio 2005
Project("{FAE04EC0-301F-11D3-BF4B-00C04F79EFBC}") = "CompareDB", "CompareDB\CompareDB.csproj", "{3DF86141-BF2E-4011-8542-E0EC7F408762}"
EndProject
Global
	GlobalSection(SolutionConfigurationPlatforms) = preSolution
		Debug|Any CPU = Debug|Any CPU
		Release|Any CPU = Release|Any CPU
	EndGlobalSection
	GlobalSection(ProjectConfigurationPlatforms) = postSolution
		{3DF86141-BF2E-4011-8542-E0EC7F408762}.Debug|Any CPU.ActiveCfg = Debug|Any CPU
		{3DF86141-BF2E-4011-8542-E0EC7F408762}.Debug|Any CPU.Build.0 = Debug|Any CPU
		{3DF86141-BF2E-4011-8542-E0EC7F408762}.Release|Any CPU.ActiveCfg = Release|Any CPU
		{3DF86141-BF2E-4011-8542-E0EC7F408762}.Release|Any CPU.Build.0 = Release|Any CPU
	EndGlobalSection
	GlobalSection(SolutionProperties) = preSolution
		HideSolutionNode = FALSE
	EndGlobalSection
EndGlobal
